
Microsoft Visual Studio Solution File, Format Version 12.00
# Visual Studio Version 16
VisualStudioVersion = 16.0.31205.134
MinimumVisualStudioVersion = 10.0.40219.1
Project("{FAE04EC0-301F-11D3-BF4B-00C04F79EFBC}") = "OOP_CA_", "OOP_CA_\OOP_CA_.csproj", "{FF51888A-F659-4CED-9D1C-D9D64F3BCA07}"
EndProject
Global
	GlobalSection(SolutionConfigurationPlatforms) = preSolution
		Debug|Any CPU = Debug|Any CPU
		Release|Any CPU = Release|Any CPU
	EndGlobalSection
	GlobalSection(ProjectConfigurationPlatforms) = postSolution
		{FF51888A-F659-4CED-9D1C-D9D64F3BCA07}.Debug|Any CPU.ActiveCfg = Debug|Any CPU
		{FF51888A-F659-4CED-9D1C-D9D64F3BCA07}.Debug|Any CPU.Build.0 = Debug|Any CPU
		{FF51888A-F659-4CED-9D1C-D9D64F3BCA07}.Release|Any CPU.ActiveCfg = Release|Any CPU
		{FF51888A-F659-4CED-9D1C-D9D64F3BCA07}.Release|Any CPU.Build.0 = Release|Any CPU
	EndGlobalSection
	GlobalSection(SolutionProperties) = preSolution
		HideSolutionNode = FALSE
	EndGlobalSection
	GlobalSection(ExtensibilityGlobals) = postSolution
		SolutionGuid = {BF5FDD3E-1B1C-4D33-96B0-370233AD3DD3}
	EndGlobalSection
EndGlobal
